
Microsoft Visual Studio Solution File, Format Version 12.00
# Visual Studio 14
VisualStudioVersion = 14.0.23107.0
MinimumVisualStudioVersion = 10.0.40219.1
Project("{FAE04EC0-301F-11D3-BF4B-00C04F79EFBC}") = "01.StudentsAndCourses", "01.StudentsAndCourses\01.StudentsAndCourses.csproj", "{E7DB32B1-B95B-4DA0-9D98-EC0A74123259}"
EndProject
Project("{FAE04EC0-301F-11D3-BF4B-00C04F79EFBC}") = "02.BiDictionary", "02.BiDictionary\02.BiDictionary.csproj", "{2DEE1CD6-D0FB-44B4-A644-6CFB63FC8A57}"
EndProject
Project("{FAE04EC0-301F-11D3-BF4B-00C04F79EFBC}") = "03.CollectionOfProducts", "03.CollectionOfProducts\03.CollectionOfProducts.csproj", "{55E26A57-A76D-4E64-A88F-C4A855DFEB58}"
EndProject
Project("{FAE04EC0-301F-11D3-BF4B-00C04F79EFBC}") = "02.BiDictionary.Test", "02.BiDictionary.Test\02.BiDictionary.Test.csproj", "{9D4D1D9E-C283-4530-AFF5-78A072E17B1C}"
EndProject
Project("{FAE04EC0-301F-11D3-BF4B-00C04F79EFBC}") = "03.CollectionOfProducts.Test", "03.CollectionOfProducts.Test\03.CollectionOfProducts.Test.csproj", "{E3DC8863-0660-4158-B13D-DDB373DBD7B7}"
EndProject
Global
	GlobalSection(SolutionConfigurationPlatforms) = preSolution
		Debug|Any CPU = Debug|Any CPU
		Release|Any CPU = Release|Any CPU
	EndGlobalSection
	GlobalSection(ProjectConfigurationPlatforms) = postSolution
		{E7DB32B1-B95B-4DA0-9D98-EC0A74123259}.Debug|Any CPU.ActiveCfg = Debug|Any CPU
		{E7DB32B1-B95B-4DA0-9D98-EC0A74123259}.Debug|Any CPU.Build.0 = Debug|Any CPU
		{E7DB32B1-B95B-4DA0-9D98-EC0A74123259}.Release|Any CPU.ActiveCfg = Release|Any CPU
		{E7DB32B1-B95B-4DA0-9D98-EC0A74123259}.Release|Any CPU.Build.0 = Release|Any CPU
		{2DEE1CD6-D0FB-44B4-A644-6CFB63FC8A57}.Debug|Any CPU.ActiveCfg = Debug|Any CPU
		{2DEE1CD6-D0FB-44B4-A644-6CFB63FC8A57}.Debug|Any CPU.Build.0 = Debug|Any CPU
		{2DEE1CD6-D0FB-44B4-A644-6CFB63FC8A57}.Release|Any CPU.ActiveCfg = Release|Any CPU
		{2DEE1CD6-D0FB-44B4-A644-6CFB63FC8A57}.Release|Any CPU.Build.0 = Release|Any CPU
		{55E26A57-A76D-4E64-A88F-C4A855DFEB58}.Debug|Any CPU.ActiveCfg = Debug|Any CPU
		{55E26A57-A76D-4E64-A88F-C4A855DFEB58}.Debug|Any CPU.Build.0 = Debug|Any CPU
		{55E26A57-A76D-4E64-A88F-C4A855DFEB58}.Release|Any CPU.ActiveCfg = Release|Any CPU
		{55E26A57-A76D-4E64-A88F-C4A855DFEB58}.Release|Any CPU.Build.0 = Release|Any CPU
		{9D4D1D9E-C283-4530-AFF5-78A072E17B1C}.Debug|Any CPU.ActiveCfg = Debug|Any CPU
		{9D4D1D9E-C283-4530-AFF5-78A072E17B1C}.Debug|Any CPU.Build.0 = Debug|Any CPU
		{9D4D1D9E-C283-4530-AFF5-78A072E17B1C}.Release|Any CPU.ActiveCfg = Release|Any CPU
		{9D4D1D9E-C283-4530-AFF5-78A072E17B1C}.Release|Any CPU.Build.0 = Release|Any CPU
		{E3DC8863-0660-4158-B13D-DDB373DBD7B7}.Debug|Any CPU.ActiveCfg = Debug|Any CPU
		{E3DC8863-0660-4158-B13D-DDB373DBD7B7}.Debug|Any CPU.Build.0 = Debug|Any CPU
		{E3DC8863-0660-4158-B13D-DDB373DBD7B7}.Release|Any CPU.ActiveCfg = Release|Any CPU
		{E3DC8863-0660-4158-B13D-DDB373DBD7B7}.Release|Any CPU.Build.0 = Release|Any CPU
	EndGlobalSection
	GlobalSection(SolutionProperties) = preSolution
		HideSolutionNode = FALSE
	EndGlobalSection
EndGlobal
