
Microsoft Visual Studio Solution File, Format Version 12.00
# Visual Studio 14
VisualStudioVersion = 14.0.23107.0
MinimumVisualStudioVersion = 10.0.40219.1
Project("{FAE04EC0-301F-11D3-BF4B-00C04F79EFBC}") = "01.Point3D", "01.Point3D\01.Point3D.csproj", "{AC4B2674-5880-42BF-BDCE-733936B7A902}"
EndProject
Project("{FAE04EC0-301F-11D3-BF4B-00C04F79EFBC}") = "04.Namespaces", "04.Namespaces\04.Namespaces.csproj", "{6B5E3D15-1EBE-45CE-866A-FAFD243C3F4D}"
EndProject
Project("{FAE04EC0-301F-11D3-BF4B-00C04F79EFBC}") = "05.HTMLDispatcher", "05.HTMLDispatcher\05.HTMLDispatcher.csproj", "{905209BA-7F80-4164-BB9A-7231034607F2}"
EndProject
Global
	GlobalSection(SolutionConfigurationPlatforms) = preSolution
		Debug|Any CPU = Debug|Any CPU
		Release|Any CPU = Release|Any CPU
	EndGlobalSection
	GlobalSection(ProjectConfigurationPlatforms) = postSolution
		{AC4B2674-5880-42BF-BDCE-733936B7A902}.Debug|Any CPU.ActiveCfg = Debug|Any CPU
		{AC4B2674-5880-42BF-BDCE-733936B7A902}.Debug|Any CPU.Build.0 = Debug|Any CPU
		{AC4B2674-5880-42BF-BDCE-733936B7A902}.Release|Any CPU.ActiveCfg = Release|Any CPU
		{AC4B2674-5880-42BF-BDCE-733936B7A902}.Release|Any CPU.Build.0 = Release|Any CPU
		{6B5E3D15-1EBE-45CE-866A-FAFD243C3F4D}.Debug|Any CPU.ActiveCfg = Debug|Any CPU
		{6B5E3D15-1EBE-45CE-866A-FAFD243C3F4D}.Debug|Any CPU.Build.0 = Debug|Any CPU
		{6B5E3D15-1EBE-45CE-866A-FAFD243C3F4D}.Release|Any CPU.ActiveCfg = Release|Any CPU
		{6B5E3D15-1EBE-45CE-866A-FAFD243C3F4D}.Release|Any CPU.Build.0 = Release|Any CPU
		{905209BA-7F80-4164-BB9A-7231034607F2}.Debug|Any CPU.ActiveCfg = Debug|Any CPU
		{905209BA-7F80-4164-BB9A-7231034607F2}.Debug|Any CPU.Build.0 = Debug|Any CPU
		{905209BA-7F80-4164-BB9A-7231034607F2}.Release|Any CPU.ActiveCfg = Release|Any CPU
		{905209BA-7F80-4164-BB9A-7231034607F2}.Release|Any CPU.Build.0 = Release|Any CPU
	EndGlobalSection
	GlobalSection(SolutionProperties) = preSolution
		HideSolutionNode = FALSE
	EndGlobalSection
EndGlobal
