
Microsoft Visual Studio Solution File, Format Version 12.00
# Visual Studio 2012
Project("{FAE04EC0-301F-11D3-BF4B-00C04F79EFBC}") = "PrintOddLines", "PrintOddLines\PrintOddLines.csproj", "{B90B3507-0152-4299-AD17-2A54C644ACD6}"
EndProject
Project("{FAE04EC0-301F-11D3-BF4B-00C04F79EFBC}") = "ConcatenateFiles", "ConcatenateFiles\ConcatenateFiles.csproj", "{B3AEC1F4-8B5D-43B9-B6CC-3055D359EF78}"
EndProject
Project("{FAE04EC0-301F-11D3-BF4B-00C04F79EFBC}") = "InsertLineNumbers", "InsertLineNumbers\InsertLineNumbers.csproj", "{5CEC1274-B20A-4D84-BE31-BFD87E262483}"
EndProject
Project("{FAE04EC0-301F-11D3-BF4B-00C04F79EFBC}") = "Compare2Files", "Compare2Files\Compare2Files.csproj", "{5D953A80-9271-4FE4-B493-0B06B79FD786}"
EndProject
Project("{FAE04EC0-301F-11D3-BF4B-00C04F79EFBC}") = "FindMaxSum", "FindMaxSum\FindMaxSum.csproj", "{CE6BDE7A-071C-433F-BCA6-286F19C137F4}"
EndProject
Project("{FAE04EC0-301F-11D3-BF4B-00C04F79EFBC}") = "SortList", "SortList\SortList.csproj", "{A44F2E14-A52A-426F-B788-B2441C050597}"
EndProject
Project("{FAE04EC0-301F-11D3-BF4B-00C04F79EFBC}") = "ReplaceWord", "ReplaceWord\ReplaceWord.csproj", "{C7AF71BD-424F-4019-BB2B-DD0B923AE129}"
EndProject
Global
	GlobalSection(SolutionConfigurationPlatforms) = preSolution
		Debug|Any CPU = Debug|Any CPU
		Release|Any CPU = Release|Any CPU
	EndGlobalSection
	GlobalSection(ProjectConfigurationPlatforms) = postSolution
		{B90B3507-0152-4299-AD17-2A54C644ACD6}.Debug|Any CPU.ActiveCfg = Debug|Any CPU
		{B90B3507-0152-4299-AD17-2A54C644ACD6}.Debug|Any CPU.Build.0 = Debug|Any CPU
		{B90B3507-0152-4299-AD17-2A54C644ACD6}.Release|Any CPU.ActiveCfg = Release|Any CPU
		{B90B3507-0152-4299-AD17-2A54C644ACD6}.Release|Any CPU.Build.0 = Release|Any CPU
		{B3AEC1F4-8B5D-43B9-B6CC-3055D359EF78}.Debug|Any CPU.ActiveCfg = Debug|Any CPU
		{B3AEC1F4-8B5D-43B9-B6CC-3055D359EF78}.Debug|Any CPU.Build.0 = Debug|Any CPU
		{B3AEC1F4-8B5D-43B9-B6CC-3055D359EF78}.Release|Any CPU.ActiveCfg = Release|Any CPU
		{B3AEC1F4-8B5D-43B9-B6CC-3055D359EF78}.Release|Any CPU.Build.0 = Release|Any CPU
		{5CEC1274-B20A-4D84-BE31-BFD87E262483}.Debug|Any CPU.ActiveCfg = Debug|Any CPU
		{5CEC1274-B20A-4D84-BE31-BFD87E262483}.Debug|Any CPU.Build.0 = Debug|Any CPU
		{5CEC1274-B20A-4D84-BE31-BFD87E262483}.Release|Any CPU.ActiveCfg = Release|Any CPU
		{5CEC1274-B20A-4D84-BE31-BFD87E262483}.Release|Any CPU.Build.0 = Release|Any CPU
		{5D953A80-9271-4FE4-B493-0B06B79FD786}.Debug|Any CPU.ActiveCfg = Debug|Any CPU
		{5D953A80-9271-4FE4-B493-0B06B79FD786}.Debug|Any CPU.Build.0 = Debug|Any CPU
		{5D953A80-9271-4FE4-B493-0B06B79FD786}.Release|Any CPU.ActiveCfg = Release|Any CPU
		{5D953A80-9271-4FE4-B493-0B06B79FD786}.Release|Any CPU.Build.0 = Release|Any CPU
		{CE6BDE7A-071C-433F-BCA6-286F19C137F4}.Debug|Any CPU.ActiveCfg = Debug|Any CPU
		{CE6BDE7A-071C-433F-BCA6-286F19C137F4}.Debug|Any CPU.Build.0 = Debug|Any CPU
		{CE6BDE7A-071C-433F-BCA6-286F19C137F4}.Release|Any CPU.ActiveCfg = Release|Any CPU
		{CE6BDE7A-071C-433F-BCA6-286F19C137F4}.Release|Any CPU.Build.0 = Release|Any CPU
		{A44F2E14-A52A-426F-B788-B2441C050597}.Debug|Any CPU.ActiveCfg = Debug|Any CPU
		{A44F2E14-A52A-426F-B788-B2441C050597}.Debug|Any CPU.Build.0 = Debug|Any CPU
		{A44F2E14-A52A-426F-B788-B2441C050597}.Release|Any CPU.ActiveCfg = Release|Any CPU
		{A44F2E14-A52A-426F-B788-B2441C050597}.Release|Any CPU.Build.0 = Release|Any CPU
		{C7AF71BD-424F-4019-BB2B-DD0B923AE129}.Debug|Any CPU.ActiveCfg = Debug|Any CPU
		{C7AF71BD-424F-4019-BB2B-DD0B923AE129}.Debug|Any CPU.Build.0 = Debug|Any CPU
		{C7AF71BD-424F-4019-BB2B-DD0B923AE129}.Release|Any CPU.ActiveCfg = Release|Any CPU
		{C7AF71BD-424F-4019-BB2B-DD0B923AE129}.Release|Any CPU.Build.0 = Release|Any CPU
	EndGlobalSection
	GlobalSection(SolutionProperties) = preSolution
		HideSolutionNode = FALSE
	EndGlobalSection
EndGlobal
