
Microsoft Visual Studio Solution File, Format Version 12.00
# Visual Studio 14
VisualStudioVersion = 14.0.23107.0
MinimumVisualStudioVersion = 10.0.40219.1
Project("{FAE04EC0-301F-11D3-BF4B-00C04F79EFBC}") = "01.Persons", "OOP-DefineClasses\01.Persons.csproj", "{D2FA8FEB-6607-4DD5-8C8C-43844BEE989B}"
EndProject
Project("{FAE04EC0-301F-11D3-BF4B-00C04F79EFBC}") = "02.LaptopShop", "02.LaptopShop\02.LaptopShop.csproj", "{98F13743-AD68-4FCA-8D5A-21A2AD1C19CD}"
EndProject
Project("{FAE04EC0-301F-11D3-BF4B-00C04F79EFBC}") = "03.PCCatalog", "03.PCCatalog\03.PCCatalog.csproj", "{EA337110-5ACB-4E95-AAB8-3692D59E5579}"
EndProject
Project("{FAE04EC0-301F-11D3-BF4B-00C04F79EFBC}") = "04.SULS", "04.SULS\04.SULS.csproj", "{AA458280-4352-425A-AB97-F770F4D0615D}"
EndProject
Global
	GlobalSection(SolutionConfigurationPlatforms) = preSolution
		Debug|Any CPU = Debug|Any CPU
		Release|Any CPU = Release|Any CPU
	EndGlobalSection
	GlobalSection(ProjectConfigurationPlatforms) = postSolution
		{D2FA8FEB-6607-4DD5-8C8C-43844BEE989B}.Debug|Any CPU.ActiveCfg = Debug|Any CPU
		{D2FA8FEB-6607-4DD5-8C8C-43844BEE989B}.Debug|Any CPU.Build.0 = Debug|Any CPU
		{D2FA8FEB-6607-4DD5-8C8C-43844BEE989B}.Release|Any CPU.ActiveCfg = Release|Any CPU
		{D2FA8FEB-6607-4DD5-8C8C-43844BEE989B}.Release|Any CPU.Build.0 = Release|Any CPU
		{98F13743-AD68-4FCA-8D5A-21A2AD1C19CD}.Debug|Any CPU.ActiveCfg = Debug|Any CPU
		{98F13743-AD68-4FCA-8D5A-21A2AD1C19CD}.Debug|Any CPU.Build.0 = Debug|Any CPU
		{98F13743-AD68-4FCA-8D5A-21A2AD1C19CD}.Release|Any CPU.ActiveCfg = Release|Any CPU
		{98F13743-AD68-4FCA-8D5A-21A2AD1C19CD}.Release|Any CPU.Build.0 = Release|Any CPU
		{EA337110-5ACB-4E95-AAB8-3692D59E5579}.Debug|Any CPU.ActiveCfg = Debug|Any CPU
		{EA337110-5ACB-4E95-AAB8-3692D59E5579}.Debug|Any CPU.Build.0 = Debug|Any CPU
		{EA337110-5ACB-4E95-AAB8-3692D59E5579}.Release|Any CPU.ActiveCfg = Release|Any CPU
		{EA337110-5ACB-4E95-AAB8-3692D59E5579}.Release|Any CPU.Build.0 = Release|Any CPU
		{AA458280-4352-425A-AB97-F770F4D0615D}.Debug|Any CPU.ActiveCfg = Debug|Any CPU
		{AA458280-4352-425A-AB97-F770F4D0615D}.Debug|Any CPU.Build.0 = Debug|Any CPU
		{AA458280-4352-425A-AB97-F770F4D0615D}.Release|Any CPU.ActiveCfg = Release|Any CPU
		{AA458280-4352-425A-AB97-F770F4D0615D}.Release|Any CPU.Build.0 = Release|Any CPU
	EndGlobalSection
	GlobalSection(SolutionProperties) = preSolution
		HideSolutionNode = FALSE
	EndGlobalSection
EndGlobal
