
Microsoft Visual Studio Solution File, Format Version 12.00
# Visual Studio 14
VisualStudioVersion = 14.0.23107.0
MinimumVisualStudioVersion = 10.0.40219.1
Project("{FAE04EC0-301F-11D3-BF4B-00C04F79EFBC}") = "02.Customer", "02.Customer\02.Customer.csproj", "{3BE11C4B-BCC9-4A19-8083-D9B0951D228B}"
EndProject
Project("{FAE04EC0-301F-11D3-BF4B-00C04F79EFBC}") = "03.StringDisperser", "03.StringDispatcher\03.StringDisperser.csproj", "{EDB84E5B-9782-403B-8653-5FA9E0726DA4}"
EndProject
Project("{FAE04EC0-301F-11D3-BF4B-00C04F79EFBC}") = "04.CustomTree", "04.CustomTree\04.CustomTree.csproj", "{74B643C7-3D58-4461-B670-DC447C3367BE}"
EndProject
Global
	GlobalSection(SolutionConfigurationPlatforms) = preSolution
		Debug|Any CPU = Debug|Any CPU
		Release|Any CPU = Release|Any CPU
	EndGlobalSection
	GlobalSection(ProjectConfigurationPlatforms) = postSolution
		{3BE11C4B-BCC9-4A19-8083-D9B0951D228B}.Debug|Any CPU.ActiveCfg = Debug|Any CPU
		{3BE11C4B-BCC9-4A19-8083-D9B0951D228B}.Debug|Any CPU.Build.0 = Debug|Any CPU
		{3BE11C4B-BCC9-4A19-8083-D9B0951D228B}.Release|Any CPU.ActiveCfg = Release|Any CPU
		{3BE11C4B-BCC9-4A19-8083-D9B0951D228B}.Release|Any CPU.Build.0 = Release|Any CPU
		{EDB84E5B-9782-403B-8653-5FA9E0726DA4}.Debug|Any CPU.ActiveCfg = Debug|Any CPU
		{EDB84E5B-9782-403B-8653-5FA9E0726DA4}.Debug|Any CPU.Build.0 = Debug|Any CPU
		{EDB84E5B-9782-403B-8653-5FA9E0726DA4}.Release|Any CPU.ActiveCfg = Release|Any CPU
		{EDB84E5B-9782-403B-8653-5FA9E0726DA4}.Release|Any CPU.Build.0 = Release|Any CPU
		{74B643C7-3D58-4461-B670-DC447C3367BE}.Debug|Any CPU.ActiveCfg = Debug|Any CPU
		{74B643C7-3D58-4461-B670-DC447C3367BE}.Debug|Any CPU.Build.0 = Debug|Any CPU
		{74B643C7-3D58-4461-B670-DC447C3367BE}.Release|Any CPU.ActiveCfg = Release|Any CPU
		{74B643C7-3D58-4461-B670-DC447C3367BE}.Release|Any CPU.Build.0 = Release|Any CPU
	EndGlobalSection
	GlobalSection(SolutionProperties) = preSolution
		HideSolutionNode = FALSE
	EndGlobalSection
EndGlobal
