
Microsoft Visual Studio Solution File, Format Version 12.00
# Visual Studio 2012
Project("{FAE04EC0-301F-11D3-BF4B-00C04F79EFBC}") = "ReverseString", "ReverseString\ReverseString.csproj", "{E4487682-DC61-481A-BB99-24AECFAE2FEE}"
EndProject
Project("{FAE04EC0-301F-11D3-BF4B-00C04F79EFBC}") = "CheckBrackets", "CheckBrackets\CheckBrackets.csproj", "{536C2E95-4D95-400C-9CFE-C733D1133F8C}"
EndProject
Project("{FAE04EC0-301F-11D3-BF4B-00C04F79EFBC}") = "CountWordInText", "CountWordInText\CountWordInText.csproj", "{D8F3AE1D-9351-4EC9-80EF-8E3E8AE34988}"
EndProject
Project("{FAE04EC0-301F-11D3-BF4B-00C04F79EFBC}") = "ToUpperMethod", "ToUpperMethod\ToUpperMethod.csproj", "{7ECCC9B3-F912-486A-A530-B87D1744C540}"
EndProject
Project("{FAE04EC0-301F-11D3-BF4B-00C04F79EFBC}") = "CensorString", "CensorString\CensorString.csproj", "{AA069492-1D4C-45E8-BF8C-4209D38E6BC2}"
EndProject
Global
	GlobalSection(SolutionConfigurationPlatforms) = preSolution
		Debug|Any CPU = Debug|Any CPU
		Release|Any CPU = Release|Any CPU
	EndGlobalSection
	GlobalSection(ProjectConfigurationPlatforms) = postSolution
		{E4487682-DC61-481A-BB99-24AECFAE2FEE}.Debug|Any CPU.ActiveCfg = Debug|Any CPU
		{E4487682-DC61-481A-BB99-24AECFAE2FEE}.Debug|Any CPU.Build.0 = Debug|Any CPU
		{E4487682-DC61-481A-BB99-24AECFAE2FEE}.Release|Any CPU.ActiveCfg = Release|Any CPU
		{E4487682-DC61-481A-BB99-24AECFAE2FEE}.Release|Any CPU.Build.0 = Release|Any CPU
		{536C2E95-4D95-400C-9CFE-C733D1133F8C}.Debug|Any CPU.ActiveCfg = Debug|Any CPU
		{536C2E95-4D95-400C-9CFE-C733D1133F8C}.Debug|Any CPU.Build.0 = Debug|Any CPU
		{536C2E95-4D95-400C-9CFE-C733D1133F8C}.Release|Any CPU.ActiveCfg = Release|Any CPU
		{536C2E95-4D95-400C-9CFE-C733D1133F8C}.Release|Any CPU.Build.0 = Release|Any CPU
		{D8F3AE1D-9351-4EC9-80EF-8E3E8AE34988}.Debug|Any CPU.ActiveCfg = Debug|Any CPU
		{D8F3AE1D-9351-4EC9-80EF-8E3E8AE34988}.Debug|Any CPU.Build.0 = Debug|Any CPU
		{D8F3AE1D-9351-4EC9-80EF-8E3E8AE34988}.Release|Any CPU.ActiveCfg = Release|Any CPU
		{D8F3AE1D-9351-4EC9-80EF-8E3E8AE34988}.Release|Any CPU.Build.0 = Release|Any CPU
		{7ECCC9B3-F912-486A-A530-B87D1744C540}.Debug|Any CPU.ActiveCfg = Debug|Any CPU
		{7ECCC9B3-F912-486A-A530-B87D1744C540}.Debug|Any CPU.Build.0 = Debug|Any CPU
		{7ECCC9B3-F912-486A-A530-B87D1744C540}.Release|Any CPU.ActiveCfg = Release|Any CPU
		{7ECCC9B3-F912-486A-A530-B87D1744C540}.Release|Any CPU.Build.0 = Release|Any CPU
		{AA069492-1D4C-45E8-BF8C-4209D38E6BC2}.Debug|Any CPU.ActiveCfg = Debug|Any CPU
		{AA069492-1D4C-45E8-BF8C-4209D38E6BC2}.Debug|Any CPU.Build.0 = Debug|Any CPU
		{AA069492-1D4C-45E8-BF8C-4209D38E6BC2}.Release|Any CPU.ActiveCfg = Release|Any CPU
		{AA069492-1D4C-45E8-BF8C-4209D38E6BC2}.Release|Any CPU.Build.0 = Release|Any CPU
	EndGlobalSection
	GlobalSection(SolutionProperties) = preSolution
		HideSolutionNode = FALSE
	EndGlobalSection
EndGlobal
