
Microsoft Visual Studio Solution File, Format Version 12.00
# Visual Studio 14
VisualStudioVersion = 14.0.23107.0
MinimumVisualStudioVersion = 10.0.40219.1
Project("{FAE04EC0-301F-11D3-BF4B-00C04F79EFBC}") = "01. Lab", "01. Lab\01. Lab.csproj", "{2E19C022-045A-435B-9FAD-56F70899F692}"
EndProject
Project("{FAE04EC0-301F-11D3-BF4B-00C04F79EFBC}") = "02. TextEditor", "02. TextEditor\02. TextEditor.csproj", "{1668C028-43FB-4F4C-96F6-2183C6807A69}"
EndProject
Global
	GlobalSection(SolutionConfigurationPlatforms) = preSolution
		Debug|Any CPU = Debug|Any CPU
		Release|Any CPU = Release|Any CPU
	EndGlobalSection
	GlobalSection(ProjectConfigurationPlatforms) = postSolution
		{2E19C022-045A-435B-9FAD-56F70899F692}.Debug|Any CPU.ActiveCfg = Debug|Any CPU
		{2E19C022-045A-435B-9FAD-56F70899F692}.Debug|Any CPU.Build.0 = Debug|Any CPU
		{2E19C022-045A-435B-9FAD-56F70899F692}.Release|Any CPU.ActiveCfg = Release|Any CPU
		{2E19C022-045A-435B-9FAD-56F70899F692}.Release|Any CPU.Build.0 = Release|Any CPU
		{1668C028-43FB-4F4C-96F6-2183C6807A69}.Debug|Any CPU.ActiveCfg = Debug|Any CPU
		{1668C028-43FB-4F4C-96F6-2183C6807A69}.Debug|Any CPU.Build.0 = Debug|Any CPU
		{1668C028-43FB-4F4C-96F6-2183C6807A69}.Release|Any CPU.ActiveCfg = Release|Any CPU
		{1668C028-43FB-4F4C-96F6-2183C6807A69}.Release|Any CPU.Build.0 = Release|Any CPU
	EndGlobalSection
	GlobalSection(SolutionProperties) = preSolution
		HideSolutionNode = FALSE
	EndGlobalSection
EndGlobal
